
Microsoft Visual Studio Solution File, Format Version 12.00
# Visual Studio Version 17
VisualStudioVersion = 17.4.33205.214
MinimumVisualStudioVersion = 10.0.40219.1
Project("{FAE04EC0-301F-11D3-BF4B-00C04F79EFBC}") = "lab3Library", "lab3Library\lab3Library.csproj", "{FE179D60-8321-43B8-A191-2E1715F9F726}"
EndProject
Global
	GlobalSection(SolutionConfigurationPlatforms) = preSolution
		Debug|Any CPU = Debug|Any CPU
		Release|Any CPU = Release|Any CPU
	EndGlobalSection
	GlobalSection(ProjectConfigurationPlatforms) = postSolution
		{FE179D60-8321-43B8-A191-2E1715F9F726}.Debug|Any CPU.ActiveCfg = Debug|Any CPU
		{FE179D60-8321-43B8-A191-2E1715F9F726}.Debug|Any CPU.Build.0 = Debug|Any CPU
		{FE179D60-8321-43B8-A191-2E1715F9F726}.Release|Any CPU.ActiveCfg = Release|Any CPU
		{FE179D60-8321-43B8-A191-2E1715F9F726}.Release|Any CPU.Build.0 = Release|Any CPU
	EndGlobalSection
	GlobalSection(SolutionProperties) = preSolution
		HideSolutionNode = FALSE
	EndGlobalSection
	GlobalSection(ExtensibilityGlobals) = postSolution
		SolutionGuid = {020A7D7F-326D-45CB-A48E-2D4774346E72}
	EndGlobalSection
EndGlobal
